# This file is automatically @generated by Cargo.
# It is not intended for manual editing.
[[package]]
name = "aoc-01"
version = "0.1.0"
dependencies = [
 "indextree 4.0.0 (registry+https://github.com/rust-lang/crates.io-index)",
 "permutohedron 0.2.4 (registry+https://github.com/rust-lang/crates.io-index)",
]

[[package]]
name = "indextree"
version = "4.0.0"
source = "registry+https://github.com/rust-lang/crates.io-index"

[[package]]
name = "permutohedron"
version = "0.2.4"
source = "registry+https://github.com/rust-lang/crates.io-index"

[metadata]
"checksum indextree 4.0.0 (registry+https://github.com/rust-lang/crates.io-index)" = "df86f0c82859379c2e9068f42fb345d4c0fba1bb09fcc52454ec19131a2aa068"
"checksum permutohedron 0.2.4 (registry+https://github.com/rust-lang/crates.io-index)" = "b687ff7b5da449d39e418ad391e5e08da53ec334903ddbb921db208908fc372c"
